// !$*UTF8*$!
{
	archiveVersion = 1;
	classes = {
	};
	objectVersion = 48;
	objects = {

/* Begin PBXBuildFile section */
		399D4C70206184EE00EE1F8D /* AppDelegate.swift in Sources */ = {isa = PBXBuildFile; fileRef = 399D4C6F206184EE00EE1F8D /* AppDelegate.swift */; };
		399D4C72206184EE00EE1F8D /* WeatherViewController.swift in Sources */ = {isa = PBXBuildFile; fileRef = 399D4C71206184EE00EE1F8D /* WeatherViewController.swift */; };
		399D4C75206184EE00EE1F8D /* Main.storyboard in Resources */ = {isa = PBXBuildFile; fileRef = 399D4C73206184EE00EE1F8D /* Main.storyboard */; };
		399D4C77206184EE00EE1F8D /* Assets.xcassets in Resources */ = {isa = PBXBuildFile; fileRef = 399D4C76206184EE00EE1F8D /* Assets.xcassets */; };
		399D4C7A206184EE00EE1F8D /* LaunchScreen.storyboard in Resources */ = {isa = PBXBuildFile; fileRef = 399D4C78206184EE00EE1F8D /* LaunchScreen.storyboard */; };
		399D4C90206184EF00EE1F8D /* GOAT_testUITests.swift in Sources */ = {isa = PBXBuildFile; fileRef = 399D4C8F206184EF00EE1F8D /* GOAT_testUITests.swift */; };
		399D4CA020618ABF00EE1F8D /* Model.swift in Sources */ = {isa = PBXBuildFile; fileRef = 399D4C9F20618ABF00EE1F8D /* Model.swift */; };
		399D4CA220618ADC00EE1F8D /* DataFetcher.swift in Sources */ = {isa = PBXBuildFile; fileRef = 399D4CA120618ADC00EE1F8D /* DataFetcher.swift */; };
		399D4CA420618B0000EE1F8D /* Mock.json in Resources */ = {isa = PBXBuildFile; fileRef = 399D4CA320618B0000EE1F8D /* Mock.json */; };
		399D4CA620618E8A00EE1F8D /* ForecastRequester.swift in Sources */ = {isa = PBXBuildFile; fileRef = 399D4CA520618E8A00EE1F8D /* ForecastRequester.swift */; };
		399D4CA82061919100EE1F8D /* ForecastRequesterTests.swift in Sources */ = {isa = PBXBuildFile; fileRef = 399D4CA72061919100EE1F8D /* ForecastRequesterTests.swift */; };
		399D4CAB2061962900EE1F8D /* ViewModel.swift in Sources */ = {isa = PBXBuildFile; fileRef = 399D4CAA2061962900EE1F8D /* ViewModel.swift */; };
		399D4CAD206197C300EE1F8D /* ViewModelGenerator.swift in Sources */ = {isa = PBXBuildFile; fileRef = 399D4CAC206197C300EE1F8D /* ViewModelGenerator.swift */; };
		399D4CB020619E5D00EE1F8D /* ForecastUpdater.swift in Sources */ = {isa = PBXBuildFile; fileRef = 399D4CAF20619E5C00EE1F8D /* ForecastUpdater.swift */; };
		399D4CB32061A84E00EE1F8D /* ForecastCell.swift in Sources */ = {isa = PBXBuildFile; fileRef = 399D4CB22061A84E00EE1F8D /* ForecastCell.swift */; };
		39B1B9DA2061BC3A00AD02B0 /* ModalPresenterAnimator.swift in Sources */ = {isa = PBXBuildFile; fileRef = 39B1B9D92061BC3900AD02B0 /* ModalPresenterAnimator.swift */; };
		39B1B9DC2061BD6C00AD02B0 /* ModalSummaryViewController.swift in Sources */ = {isa = PBXBuildFile; fileRef = 39B1B9DB2061BD6C00AD02B0 /* ModalSummaryViewController.swift */; };
		39B1B9DE2061C97200AD02B0 /* LocationController.swift in Sources */ = {isa = PBXBuildFile; fileRef = 39B1B9DD2061C97200AD02B0 /* LocationController.swift */; };
/* End PBXBuildFile section */

/* Begin PBXContainerItemProxy section */
		399D4C81206184EF00EE1F8D /* PBXContainerItemProxy */ = {
			isa = PBXContainerItemProxy;
			containerPortal = 399D4C64206184EE00EE1F8D /* Project object */;
			proxyType = 1;
			remoteGlobalIDString = 399D4C6B206184EE00EE1F8D;
			remoteInfo = "GOAT-test";
		};
		399D4C8C206184EF00EE1F8D /* PBXContainerItemProxy */ = {
			isa = PBXContainerItemProxy;
			containerPortal = 399D4C64206184EE00EE1F8D /* Project object */;
			proxyType = 1;
			remoteGlobalIDString = 399D4C6B206184EE00EE1F8D;
			remoteInfo = "GOAT-test";
		};
/* End PBXContainerItemProxy section */

/* Begin PBXFileReference section */
		399D4C6C206184EE00EE1F8D /* GOAT-test.app */ = {isa = PBXFileReference; explicitFileType = wrapper.application; includeInIndex = 0; path = "GOAT-test.app"; sourceTree = BUILT_PRODUCTS_DIR; };
		399D4C6F206184EE00EE1F8D /* AppDelegate.swift */ = {isa = PBXFileReference; lastKnownFileType = sourcecode.swift; path = AppDelegate.swift; sourceTree = "<group>"; };
		399D4C71206184EE00EE1F8D /* WeatherViewController.swift */ = {isa = PBXFileReference; lastKnownFileType = sourcecode.swift; path = WeatherViewController.swift; sourceTree = "<group>"; };
		399D4C74206184EE00EE1F8D /* Base */ = {isa = PBXFileReference; lastKnownFileType = file.storyboard; name = Base; path = Base.lproj/Main.storyboard; sourceTree = "<group>"; };
		399D4C76206184EE00EE1F8D /* Assets.xcassets */ = {isa = PBXFileReference; lastKnownFileType = folder.assetcatalog; path = Assets.xcassets; sourceTree = "<group>"; };
		399D4C79206184EE00EE1F8D /* Base */ = {isa = PBXFileReference; lastKnownFileType = file.storyboard; name = Base; path = Base.lproj/LaunchScreen.storyboard; sourceTree = "<group>"; };
		399D4C7B206184EE00EE1F8D /* Info.plist */ = {isa = PBXFileReference; lastKnownFileType = text.plist.xml; path = Info.plist; sourceTree = "<group>"; };
		399D4C80206184EF00EE1F8D /* GOAT-testTests.xctest */ = {isa = PBXFileReference; explicitFileType = wrapper.cfbundle; includeInIndex = 0; path = "GOAT-testTests.xctest"; sourceTree = BUILT_PRODUCTS_DIR; };
		399D4C86206184EF00EE1F8D /* Info.plist */ = {isa = PBXFileReference; lastKnownFileType = text.plist.xml; path = Info.plist; sourceTree = "<group>"; };
		399D4C8B206184EF00EE1F8D /* GOAT-testUITests.xctest */ = {isa = PBXFileReference; explicitFileType = wrapper.cfbundle; includeInIndex = 0; path = "GOAT-testUITests.xctest"; sourceTree = BUILT_PRODUCTS_DIR; };
		399D4C8F206184EF00EE1F8D /* GOAT_testUITests.swift */ = {isa = PBXFileReference; lastKnownFileType = sourcecode.swift; path = GOAT_testUITests.swift; sourceTree = "<group>"; };
		399D4C91206184EF00EE1F8D /* Info.plist */ = {isa = PBXFileReference; lastKnownFileType = text.plist.xml; path = Info.plist; sourceTree = "<group>"; };
		399D4C9F20618ABF00EE1F8D /* Model.swift */ = {isa = PBXFileReference; lastKnownFileType = sourcecode.swift; path = Model.swift; sourceTree = "<group>"; };
		399D4CA120618ADC00EE1F8D /* DataFetcher.swift */ = {isa = PBXFileReference; fileEncoding = 4; lastKnownFileType = sourcecode.swift; path = DataFetcher.swift; sourceTree = "<group>"; };
		399D4CA320618B0000EE1F8D /* Mock.json */ = {isa = PBXFileReference; lastKnownFileType = text.json; path = Mock.json; sourceTree = "<group>"; };
		399D4CA520618E8A00EE1F8D /* ForecastRequester.swift */ = {isa = PBXFileReference; lastKnownFileType = sourcecode.swift; path = ForecastRequester.swift; sourceTree = "<group>"; };
		399D4CA72061919100EE1F8D /* ForecastRequesterTests.swift */ = {isa = PBXFileReference; lastKnownFileType = sourcecode.swift; path = ForecastRequesterTests.swift; sourceTree = "<group>"; };
		399D4CAA2061962900EE1F8D /* ViewModel.swift */ = {isa = PBXFileReference; lastKnownFileType = sourcecode.swift; path = ViewModel.swift; sourceTree = "<group>"; };
		399D4CAC206197C300EE1F8D /* ViewModelGenerator.swift */ = {isa = PBXFileReference; lastKnownFileType = sourcecode.swift; path = ViewModelGenerator.swift; sourceTree = "<group>"; };
		399D4CAF20619E5C00EE1F8D /* ForecastUpdater.swift */ = {isa = PBXFileReference; lastKnownFileType = sourcecode.swift; path = ForecastUpdater.swift; sourceTree = "<group>"; };
		399D4CB22061A84E00EE1F8D /* ForecastCell.swift */ = {isa = PBXFileReference; lastKnownFileType = sourcecode.swift; path = ForecastCell.swift; sourceTree = "<group>"; };
		39B1B9D92061BC3900AD02B0 /* ModalPresenterAnimator.swift */ = {isa = PBXFileReference; fileEncoding = 4; lastKnownFileType = sourcecode.swift; path = ModalPresenterAnimator.swift; sourceTree = "<group>"; };
		39B1B9DB2061BD6C00AD02B0 /* ModalSummaryViewController.swift */ = {isa = PBXFileReference; lastKnownFileType = sourcecode.swift; path = ModalSummaryViewController.swift; sourceTree = "<group>"; };
		39B1B9DD2061C97200AD02B0 /* LocationController.swift */ = {isa = PBXFileReference; lastKnownFileType = sourcecode.swift; path = LocationController.swift; sourceTree = "<group>"; };
/* End PBXFileReference section */

/* Begin PBXFrameworksBuildPhase section */
		399D4C69206184EE00EE1F8D /* Frameworks */ = {
			isa = PBXFrameworksBuildPhase;
			buildActionMask = 2147483647;
			files = (
			);
			runOnlyForDeploymentPostprocessing = 0;
		};
		399D4C7D206184EF00EE1F8D /* Frameworks */ = {
			isa = PBXFrameworksBuildPhase;
			buildActionMask = 2147483647;
			files = (
			);
			runOnlyForDeploymentPostprocessing = 0;
		};
		399D4C88206184EF00EE1F8D /* Frameworks */ = {
			isa = PBXFrameworksBuildPhase;
			buildActionMask = 2147483647;
			files = (
			);
			runOnlyForDeploymentPostprocessing = 0;
		};
/* End PBXFrameworksBuildPhase section */

/* Begin PBXGroup section */
		399D4C63206184EE00EE1F8D = {
			isa = PBXGroup;
			children = (
				399D4C6E206184EE00EE1F8D /* GOAT-test */,
				399D4C83206184EF00EE1F8D /* GOAT-testTests */,
				399D4C8E206184EF00EE1F8D /* GOAT-testUITests */,
				399D4C6D206184EE00EE1F8D /* Products */,
			);
			sourceTree = "<group>";
		};
		399D4C6D206184EE00EE1F8D /* Products */ = {
			isa = PBXGroup;
			children = (
				399D4C6C206184EE00EE1F8D /* GOAT-test.app */,
				399D4C80206184EF00EE1F8D /* GOAT-testTests.xctest */,
				399D4C8B206184EF00EE1F8D /* GOAT-testUITests.xctest */,
			);
			name = Products;
			sourceTree = "<group>";
		};
		399D4C6E206184EE00EE1F8D /* GOAT-test */ = {
			isa = PBXGroup;
			children = (
				399D4C9D20618A9700EE1F8D /* Model */,
				399D4CA92061960300EE1F8D /* ViewModel */,
				399D4CAE20619E3C00EE1F8D /* Updater */,
				399D4C6F206184EE00EE1F8D /* AppDelegate.swift */,
				399D4CB12061A81E00EE1F8D /* View */,
				399D4C73206184EE00EE1F8D /* Main.storyboard */,
				399D4C76206184EE00EE1F8D /* Assets.xcassets */,
				399D4C78206184EE00EE1F8D /* LaunchScreen.storyboard */,
				399D4C7B206184EE00EE1F8D /* Info.plist */,
				399D4CA320618B0000EE1F8D /* Mock.json */,
			);
			path = "GOAT-test";
			sourceTree = "<group>";
		};
		399D4C83206184EF00EE1F8D /* GOAT-testTests */ = {
			isa = PBXGroup;
			children = (
				399D4C86206184EF00EE1F8D /* Info.plist */,
				399D4CA72061919100EE1F8D /* ForecastRequesterTests.swift */,
			);
			path = "GOAT-testTests";
			sourceTree = "<group>";
		};
		399D4C8E206184EF00EE1F8D /* GOAT-testUITests */ = {
			isa = PBXGroup;
			children = (
				399D4C8F206184EF00EE1F8D /* GOAT_testUITests.swift */,
				399D4C91206184EF00EE1F8D /* Info.plist */,
			);
			path = "GOAT-testUITests";
			sourceTree = "<group>";
		};
		399D4C9D20618A9700EE1F8D /* Model */ = {
			isa = PBXGroup;
			children = (
				399D4C9F20618ABF00EE1F8D /* Model.swift */,
				399D4CA120618ADC00EE1F8D /* DataFetcher.swift */,
				399D4CA520618E8A00EE1F8D /* ForecastRequester.swift */,
				39B1B9DD2061C97200AD02B0 /* LocationController.swift */,
			);
			path = Model;
			sourceTree = "<group>";
		};
		399D4CA92061960300EE1F8D /* ViewModel */ = {
			isa = PBXGroup;
			children = (
				399D4CAA2061962900EE1F8D /* ViewModel.swift */,
				399D4CAC206197C300EE1F8D /* ViewModelGenerator.swift */,
			);
			path = ViewModel;
			sourceTree = "<group>";
		};
		399D4CAE20619E3C00EE1F8D /* Updater */ = {
			isa = PBXGroup;
			children = (
				399D4CAF20619E5C00EE1F8D /* ForecastUpdater.swift */,
			);
			path = Updater;
			sourceTree = "<group>";
		};
		399D4CB12061A81E00EE1F8D /* View */ = {
			isa = PBXGroup;
			children = (
				399D4C71206184EE00EE1F8D /* WeatherViewController.swift */,
				399D4CB22061A84E00EE1F8D /* ForecastCell.swift */,
				39B1B9DB2061BD6C00AD02B0 /* ModalSummaryViewController.swift */,
				39B1B9D92061BC3900AD02B0 /* ModalPresenterAnimator.swift */,
			);
			path = View;
			sourceTree = "<group>";
		};
/* End PBXGroup section */

/* Begin PBXNativeTarget section */
		399D4C6B206184EE00EE1F8D /* GOAT-test */ = {
			isa = PBXNativeTarget;
			buildConfigurationList = 399D4C94206184EF00EE1F8D /* Build configuration list for PBXNativeTarget "GOAT-test" */;
			buildPhases = (
				399D4C68206184EE00EE1F8D /* Sources */,
				399D4C69206184EE00EE1F8D /* Frameworks */,
				399D4C6A206184EE00EE1F8D /* Resources */,
			);
			buildRules = (
			);
			dependencies = (
			);
			name = "GOAT-test";
			productName = "GOAT-test";
			productReference = 399D4C6C206184EE00EE1F8D /* GOAT-test.app */;
			productType = "com.apple.product-type.application";
		};
		399D4C7F206184EF00EE1F8D /* GOAT-testTests */ = {
			isa = PBXNativeTarget;
			buildConfigurationList = 399D4C97206184EF00EE1F8D /* Build configuration list for PBXNativeTarget "GOAT-testTests" */;
			buildPhases = (
				399D4C7C206184EF00EE1F8D /* Sources */,
				399D4C7D206184EF00EE1F8D /* Frameworks */,
				399D4C7E206184EF00EE1F8D /* Resources */,
			);
			buildRules = (
			);
			dependencies = (
				399D4C82206184EF00EE1F8D /* PBXTargetDependency */,
			);
			name = "GOAT-testTests";
			productName = "GOAT-testTests";
			productReference = 399D4C80206184EF00EE1F8D /* GOAT-testTests.xctest */;
			productType = "com.apple.product-type.bundle.unit-test";
		};
		399D4C8A206184EF00EE1F8D /* GOAT-testUITests */ = {
			isa = PBXNativeTarget;
			buildConfigurationList = 399D4C9A206184EF00EE1F8D /* Build configuration list for PBXNativeTarget "GOAT-testUITests" */;
			buildPhases = (
				399D4C87206184EF00EE1F8D /* Sources */,
				399D4C88206184EF00EE1F8D /* Frameworks */,
				399D4C89206184EF00EE1F8D /* Resources */,
			);
			buildRules = (
			);
			dependencies = (
				399D4C8D206184EF00EE1F8D /* PBXTargetDependency */,
			);
			name = "GOAT-testUITests";
			productName = "GOAT-testUITests";
			productReference = 399D4C8B206184EF00EE1F8D /* GOAT-testUITests.xctest */;
			productType = "com.apple.product-type.bundle.ui-testing";
		};
/* End PBXNativeTarget section */

/* Begin PBXProject section */
		399D4C64206184EE00EE1F8D /* Project object */ = {
			isa = PBXProject;
			attributes = {
				LastSwiftUpdateCheck = 0920;
				LastUpgradeCheck = 0920;
				ORGANIZATIONNAME = "Andrew Tenno";
				TargetAttributes = {
					399D4C6B206184EE00EE1F8D = {
						CreatedOnToolsVersion = 9.2;
						ProvisioningStyle = Automatic;
					};
					399D4C7F206184EF00EE1F8D = {
						CreatedOnToolsVersion = 9.2;
						LastSwiftMigration = 0920;
						ProvisioningStyle = Automatic;
						TestTargetID = 399D4C6B206184EE00EE1F8D;
					};
					399D4C8A206184EF00EE1F8D = {
						CreatedOnToolsVersion = 9.2;
						ProvisioningStyle = Automatic;
						TestTargetID = 399D4C6B206184EE00EE1F8D;
					};
				};
			};
			buildConfigurationList = 399D4C67206184EE00EE1F8D /* Build configuration list for PBXProject "GOAT-test" */;
			compatibilityVersion = "Xcode 8.0";
			developmentRegion = en;
			hasScannedForEncodings = 0;
			knownRegions = (
				en,
				Base,
			);
			mainGroup = 399D4C63206184EE00EE1F8D;
			productRefGroup = 399D4C6D206184EE00EE1F8D /* Products */;
			projectDirPath = "";
			projectRoot = "";
			targets = (
				399D4C6B206184EE00EE1F8D /* GOAT-test */,
				399D4C7F206184EF00EE1F8D /* GOAT-testTests */,
				399D4C8A206184EF00EE1F8D /* GOAT-testUITests */,
			);
		};
/* End PBXProject section */

/* Begin PBXResourcesBuildPhase section */
		399D4C6A206184EE00EE1F8D /* Resources */ = {
			isa = PBXResourcesBuildPhase;
			buildActionMask = 2147483647;
			files = (
				399D4C7A206184EE00EE1F8D /* LaunchScreen.storyboard in Resources */,
				399D4C77206184EE00EE1F8D /* Assets.xcassets in Resources */,
				399D4C75206184EE00EE1F8D /* Main.storyboard in Resources */,
				399D4CA420618B0000EE1F8D /* Mock.json in Resources */,
			);
			runOnlyForDeploymentPostprocessing = 0;
		};
		399D4C7E206184EF00EE1F8D /* Resources */ = {
			isa = PBXResourcesBuildPhase;
			buildActionMask = 2147483647;
			files = (
			);
			runOnlyForDeploymentPostprocessing = 0;
		};
		399D4C89206184EF00EE1F8D /* Resources */ = {
			isa = PBXResourcesBuildPhase;
			buildActionMask = 2147483647;
			files = (
			);
			runOnlyForDeploymentPostprocessing = 0;
		};
/* End PBXResourcesBuildPhase section */

/* Begin PBXSourcesBuildPhase section */
		399D4C68206184EE00EE1F8D /* Sources */ = {
			isa = PBXSourcesBuildPhase;
			buildActionMask = 2147483647;
			files = (
				399D4CAD206197C300EE1F8D /* ViewModelGenerator.swift in Sources */,
				399D4CA020618ABF00EE1F8D /* Model.swift in Sources */,
				399D4CA620618E8A00EE1F8D /* ForecastRequester.swift in Sources */,
				399D4C72206184EE00EE1F8D /* WeatherViewController.swift in Sources */,
				39B1B9DE2061C97200AD02B0 /* LocationController.swift in Sources */,
				399D4CB020619E5D00EE1F8D /* ForecastUpdater.swift in Sources */,
				399D4C70206184EE00EE1F8D /* AppDelegate.swift in Sources */,
				399D4CAB2061962900EE1F8D /* ViewModel.swift in Sources */,
				39B1B9DA2061BC3A00AD02B0 /* ModalPresenterAnimator.swift in Sources */,
				399D4CA220618ADC00EE1F8D /* DataFetcher.swift in Sources */,
				39B1B9DC2061BD6C00AD02B0 /* ModalSummaryViewController.swift in Sources */,
				399D4CB32061A84E00EE1F8D /* ForecastCell.swift in Sources */,
			);
			runOnlyForDeploymentPostprocessing = 0;
		};
		399D4C7C206184EF00EE1F8D /* Sources */ = {
			isa = PBXSourcesBuildPhase;
			buildActionMask = 2147483647;
			files = (
				399D4CA82061919100EE1F8D /* ForecastRequesterTests.swift in Sources */,
			);
			runOnlyForDeploymentPostprocessing = 0;
		};
		399D4C87206184EF00EE1F8D /* Sources */ = {
			isa = PBXSourcesBuildPhase;
			buildActionMask = 2147483647;
			files = (
				399D4C90206184EF00EE1F8D /* GOAT_testUITests.swift in Sources */,
			);
			runOnlyForDeploymentPostprocessing = 0;
		};
/* End PBXSourcesBuildPhase section */

/* Begin PBXTargetDependency section */
		399D4C82206184EF00EE1F8D /* PBXTargetDependency */ = {
			isa = PBXTargetDependency;
			target = 399D4C6B206184EE00EE1F8D /* GOAT-test */;
			targetProxy = 399D4C81206184EF00EE1F8D /* PBXContainerItemProxy */;
		};
		399D4C8D206184EF00EE1F8D /* PBXTargetDependency */ = {
			isa = PBXTargetDependency;
			target = 399D4C6B206184EE00EE1F8D /* GOAT-test */;
			targetProxy = 399D4C8C206184EF00EE1F8D /* PBXContainerItemProxy */;
		};
/* End PBXTargetDependency section */

/* Begin PBXVariantGroup section */
		399D4C73206184EE00EE1F8D /* Main.storyboard */ = {
			isa = PBXVariantGroup;
			children = (
				399D4C74206184EE00EE1F8D /* Base */,
			);
			name = Main.storyboard;
			sourceTree = "<group>";
		};
		399D4C78206184EE00EE1F8D /* LaunchScreen.storyboard */ = {
			isa = PBXVariantGroup;
			children = (
				399D4C79206184EE00EE1F8D /* Base */,
			);
			name = LaunchScreen.storyboard;
			sourceTree = "<group>";
		};
/* End PBXVariantGroup section */

/* Begin XCBuildConfiguration section */
		399D4C92206184EF00EE1F8D /* Debug */ = {
			isa = XCBuildConfiguration;
			buildSettings = {
				ALWAYS_SEARCH_USER_PATHS = NO;
				CLANG_ANALYZER_NONNULL = YES;
				CLANG_ANALYZER_NUMBER_OBJECT_CONVERSION = YES_AGGRESSIVE;
				CLANG_CXX_LANGUAGE_STANDARD = "gnu++14";
				CLANG_CXX_LIBRARY = "libc++";
				CLANG_ENABLE_MODULES = YES;
				CLANG_ENABLE_OBJC_ARC = YES;
				CLANG_WARN_BLOCK_CAPTURE_AUTORELEASING = YES;
				CLANG_WARN_BOOL_CONVERSION = YES;
				CLANG_WARN_COMMA = YES;
				CLANG_WARN_CONSTANT_CONVERSION = YES;
				CLANG_WARN_DIRECT_OBJC_ISA_USAGE = YES_ERROR;
				CLANG_WARN_DOCUMENTATION_COMMENTS = YES;
				CLANG_WARN_EMPTY_BODY = YES;
				CLANG_WARN_ENUM_CONVERSION = YES;
				CLANG_WARN_INFINITE_RECURSION = YES;
				CLANG_WARN_INT_CONVERSION = YES;
				CLANG_WARN_NON_LITERAL_NULL_CONVERSION = YES;
				CLANG_WARN_OBJC_LITERAL_CONVERSION = YES;
				CLANG_WARN_OBJC_ROOT_CLASS = YES_ERROR;
				CLANG_WARN_RANGE_LOOP_ANALYSIS = YES;
				CLANG_WARN_STRICT_PROTOTYPES = YES;
				CLANG_WARN_SUSPICIOUS_MOVE = YES;
				CLANG_WARN_UNGUARDED_AVAILABILITY = YES_AGGRESSIVE;
				CLANG_WARN_UNREACHABLE_CODE = YES;
				CLANG_WARN__DUPLICATE_METHOD_MATCH = YES;
				CODE_SIGN_IDENTITY = "iPhone Developer";
				COPY_PHASE_STRIP = NO;
				DEBUG_INFORMATION_FORMAT = dwarf;
				ENABLE_STRICT_OBJC_MSGSEND = YES;
				ENABLE_TESTABILITY = YES;
				GCC_C_LANGUAGE_STANDARD = gnu11;
				GCC_DYNAMIC_NO_PIC = NO;
				GCC_NO_COMMON_BLOCKS = YES;
				GCC_OPTIMIZATION_LEVEL = 0;
				GCC_PREPROCESSOR_DEFINITIONS = (
					"DEBUG=1",
					"$(inherited)",
				);
				GCC_WARN_64_TO_32_BIT_CONVERSION = YES;
				GCC_WARN_ABOUT_RETURN_TYPE = YES_ERROR;
				GCC_WARN_UNDECLARED_SELECTOR = YES;
				GCC_WARN_UNINITIALIZED_AUTOS = YES_AGGRESSIVE;
				GCC_WARN_UNUSED_FUNCTION = YES;
				GCC_WARN_UNUSED_VARIABLE = YES;
				IPHONEOS_DEPLOYMENT_TARGET = 11.2;
				MTL_ENABLE_DEBUG_INFO = YES;
				ONLY_ACTIVE_ARCH = YES;
				SDKROOT = iphoneos;
				SWIFT_ACTIVE_COMPILATION_CONDITIONS = DEBUG;
				SWIFT_OPTIMIZATION_LEVEL = "-Onone";
			};
			name = Debug;
		};
		399D4C93206184EF00EE1F8D /* Release */ = {
			isa = XCBuildConfiguration;
			buildSettings = {
				ALWAYS_SEARCH_USER_PATHS = NO;
				CLANG_ANALYZER_NONNULL = YES;
				CLANG_ANALYZER_NUMBER_OBJECT_CONVERSION = YES_AGGRESSIVE;
				CLANG_CXX_LANGUAGE_STANDARD = "gnu++14";
				CLANG_CXX_LIBRARY = "libc++";
				CLANG_ENABLE_MODULES = YES;
				CLANG_ENABLE_OBJC_ARC = YES;
				CLANG_WARN_BLOCK_CAPTURE_AUTORELEASING = YES;
				CLANG_WARN_BOOL_CONVERSION = YES;
				CLANG_WARN_COMMA = YES;
				CLANG_WARN_CONSTANT_CONVERSION = YES;
				CLANG_WARN_DIRECT_OBJC_ISA_USAGE = YES_ERROR;
				CLANG_WARN_DOCUMENTATION_COMMENTS = YES;
				CLANG_WARN_EMPTY_BODY = YES;
				CLANG_WARN_ENUM_CONVERSION = YES;
				CLANG_WARN_INFINITE_RECURSION = YES;
				CLANG_WARN_INT_CONVERSION = YES;
				CLANG_WARN_NON_LITERAL_NULL_CONVERSION = YES;
				CLANG_WARN_OBJC_LITERAL_CONVERSION = YES;
				CLANG_WARN_OBJC_ROOT_CLASS = YES_ERROR;
				CLANG_WARN_RANGE_LOOP_ANALYSIS = YES;
				CLANG_WARN_STRICT_PROTOTYPES = YES;
				CLANG_WARN_SUSPICIOUS_MOVE = YES;
				CLANG_WARN_UNGUARDED_AVAILABILITY = YES_AGGRESSIVE;
				CLANG_WARN_UNREACHABLE_CODE = YES;
				CLANG_WARN__DUPLICATE_METHOD_MATCH = YES;
				CODE_SIGN_IDENTITY = "iPhone Developer";
				COPY_PHASE_STRIP = NO;
				DEBUG_INFORMATION_FORMAT = "dwarf-with-dsym";
				ENABLE_NS_ASSERTIONS = NO;
				ENABLE_STRICT_OBJC_MSGSEND = YES;
				GCC_C_LANGUAGE_STANDARD = gnu11;
				GCC_NO_COMMON_BLOCKS = YES;
				GCC_WARN_64_TO_32_BIT_CONVERSION = YES;
				GCC_WARN_ABOUT_RETURN_TYPE = YES_ERROR;
				GCC_WARN_UNDECLARED_SELECTOR = YES;
				GCC_WARN_UNINITIALIZED_AUTOS = YES_AGGRESSIVE;
				GCC_WARN_UNUSED_FUNCTION = YES;
				GCC_WARN_UNUSED_VARIABLE = YES;
				IPHONEOS_DEPLOYMENT_TARGET = 11.2;
				MTL_ENABLE_DEBUG_INFO = NO;
				SDKROOT = iphoneos;
				SWIFT_OPTIMIZATION_LEVEL = "-Owholemodule";
				VALIDATE_PRODUCT = YES;
			};
			name = Release;
		};
		399D4C95206184EF00EE1F8D /* Debug */ = {
			isa = XCBuildConfiguration;
			buildSettings = {
				ASSETCATALOG_COMPILER_APPICON_NAME = AppIcon;
				CODE_SIGN_STYLE = Automatic;
				INFOPLIST_FILE = "GOAT-test/Info.plist";
				LD_RUNPATH_SEARCH_PATHS = "$(inherited) @executable_path/Frameworks";
				PRODUCT_BUNDLE_IDENTIFIER = "com.andrewtenno.GOAT-test";
				PRODUCT_NAME = "$(TARGET_NAME)";
				SWIFT_VERSION = 4.0;
				TARGETED_DEVICE_FAMILY = "1,2";
			};
			name = Debug;
		};
		399D4C96206184EF00EE1F8D /* Release */ = {
			isa = XCBuildConfiguration;
			buildSettings = {
				ASSETCATALOG_COMPILER_APPICON_NAME = AppIcon;
				CODE_SIGN_STYLE = Automatic;
				INFOPLIST_FILE = "GOAT-test/Info.plist";
				LD_RUNPATH_SEARCH_PATHS = "$(inherited) @executable_path/Frameworks";
				PRODUCT_BUNDLE_IDENTIFIER = "com.andrewtenno.GOAT-test";
				PRODUCT_NAME = "$(TARGET_NAME)";
				SWIFT_VERSION = 4.0;
				TARGETED_DEVICE_FAMILY = "1,2";
			};
			name = Release;
		};
		399D4C98206184EF00EE1F8D /* Debug */ = {
			isa = XCBuildConfiguration;
			buildSettings = {
				ALWAYS_EMBED_SWIFT_STANDARD_LIBRARIES = YES;
				BUNDLE_LOADER = "$(TEST_HOST)";
				CLANG_ENABLE_MODULES = YES;
				CODE_SIGN_STYLE = Automatic;
				INFOPLIST_FILE = "GOAT-testTests/Info.plist";
				LD_RUNPATH_SEARCH_PATHS = "$(inherited) @executable_path/Frameworks @loader_path/Frameworks";
				PRODUCT_BUNDLE_IDENTIFIER = "com.andrewtenno.GOAT-testTests";
				PRODUCT_NAME = "$(TARGET_NAME)";
				SWIFT_OPTIMIZATION_LEVEL = "-Onone";
				SWIFT_VERSION = 4.0;
				TARGETED_DEVICE_FAMILY = "1,2";
				TEST_HOST = "$(BUILT_PRODUCTS_DIR)/GOAT-test.app/GOAT-test";
			};
			name = Debug;
		};
		399D4C99206184EF00EE1F8D /* Release */ = {
			isa = XCBuildConfiguration;
			buildSettings = {
				ALWAYS_EMBED_SWIFT_STANDARD_LIBRARIES = YES;
				BUNDLE_LOADER = "$(TEST_HOST)";
				CLANG_ENABLE_MODULES = YES;
				CODE_SIGN_STYLE = Automatic;
				INFOPLIST_FILE = "GOAT-testTests/Info.plist";
				LD_RUNPATH_SEARCH_PATHS = "$(inherited) @executable_path/Frameworks @loader_path/Frameworks";
				PRODUCT_BUNDLE_IDENTIFIER = "com.andrewtenno.GOAT-testTests";
				PRODUCT_NAME = "$(TARGET_NAME)";
				SWIFT_VERSION = 4.0;
				TARGETED_DEVICE_FAMILY = "1,2";
				TEST_HOST = "$(BUILT_PRODUCTS_DIR)/GOAT-test.app/GOAT-test";
			};
			name = Release;
		};
		399D4C9B206184EF00EE1F8D /* Debug */ = {
			isa = XCBuildConfiguration;
			buildSettings = {
				ALWAYS_EMBED_SWIFT_STANDARD_LIBRARIES = YES;
				CODE_SIGN_STYLE = Automatic;
				INFOPLIST_FILE = "GOAT-testUITests/Info.plist";
				LD_RUNPATH_SEARCH_PATHS = "$(inherited) @executable_path/Frameworks @loader_path/Frameworks";
				PRODUCT_BUNDLE_IDENTIFIER = "com.andrewtenno.GOAT-testUITests";
				PRODUCT_NAME = "$(TARGET_NAME)";
				SWIFT_VERSION = 4.0;
				TARGETED_DEVICE_FAMILY = "1,2";
				TEST_TARGET_NAME = "GOAT-test";
			};
			name = Debug;
		};
		399D4C9C206184EF00EE1F8D /* Release */ = {
			isa = XCBuildConfiguration;
			buildSettings = {
				ALWAYS_EMBED_SWIFT_STANDARD_LIBRARIES = YES;
				CODE_SIGN_STYLE = Automatic;
				INFOPLIST_FILE = "GOAT-testUITests/Info.plist";
				LD_RUNPATH_SEARCH_PATHS = "$(inherited) @executable_path/Frameworks @loader_path/Frameworks";
				PRODUCT_BUNDLE_IDENTIFIER = "com.andrewtenno.GOAT-testUITests";
				PRODUCT_NAME = "$(TARGET_NAME)";
				SWIFT_VERSION = 4.0;
				TARGETED_DEVICE_FAMILY = "1,2";
				TEST_TARGET_NAME = "GOAT-test";
			};
			name = Release;
		};
/* End XCBuildConfiguration section */

/* Begin XCConfigurationList section */
		399D4C67206184EE00EE1F8D /* Build configuration list for PBXProject "GOAT-test" */ = {
			isa = XCConfigurationList;
			buildConfigurations = (
				399D4C92206184EF00EE1F8D /* Debug */,
				399D4C93206184EF00EE1F8D /* Release */,
			);
			defaultConfigurationIsVisible = 0;
			defaultConfigurationName = Release;
		};
		399D4C94206184EF00EE1F8D /* Build configuration list for PBXNativeTarget "GOAT-test" */ = {
			isa = XCConfigurationList;
			buildConfigurations = (
				399D4C95206184EF00EE1F8D /* Debug */,
				399D4C96206184EF00EE1F8D /* Release */,
			);
			defaultConfigurationIsVisible = 0;
			defaultConfigurationName = Release;
		};
		399D4C97206184EF00EE1F8D /* Build configuration list for PBXNativeTarget "GOAT-testTests" */ = {
			isa = XCConfigurationList;
			buildConfigurations = (
				399D4C98206184EF00EE1F8D /* Debug */,
				399D4C99206184EF00EE1F8D /* Release */,
			);
			defaultConfigurationIsVisible = 0;
			defaultConfigurationName = Release;
		};
		399D4C9A206184EF00EE1F8D /* Build configuration list for PBXNativeTarget "GOAT-testUITests" */ = {
			isa = XCConfigurationList;
			buildConfigurations = (
				399D4C9B206184EF00EE1F8D /* Debug */,
				399D4C9C206184EF00EE1F8D /* Release */,
			);
			defaultConfigurationIsVisible = 0;
			defaultConfigurationName = Release;
		};
/* End XCConfigurationList section */
	};
	rootObject = 399D4C64206184EE00EE1F8D /* Project object */;
}
